// !$*UTF8*$!
{
	archiveVersion = 1;
	classes = {
	};
	objectVersion = 50;
	objects = {

/* Begin PBXBuildFile section */
		EF52C1F825365C7000C89CED /* AppDelegate.swift in Sources */ = {isa = PBXBuildFile; fileRef = EF52C1F725365C7000C89CED /* AppDelegate.swift */; };
		EF52C1FA25365C7000C89CED /* SceneDelegate.swift in Sources */ = {isa = PBXBuildFile; fileRef = EF52C1F925365C7000C89CED /* SceneDelegate.swift */; };
		EF52C1FC25365C7000C89CED /* ContentView.swift in Sources */ = {isa = PBXBuildFile; fileRef = EF52C1FB25365C7000C89CED /* ContentView.swift */; };
		EF52C1FE25365C7700C89CED /* Assets.xcassets in Resources */ = {isa = PBXBuildFile; fileRef = EF52C1FD25365C7700C89CED /* Assets.xcassets */; };
		EF52C20125365C7700C89CED /* Preview Assets.xcassets in Resources */ = {isa = PBXBuildFile; fileRef = EF52C20025365C7700C89CED /* Preview Assets.xcassets */; };
		EF52C20425365C7700C89CED /* LaunchScreen.storyboard in Resources */ = {isa = PBXBuildFile; fileRef = EF52C20225365C7700C89CED /* LaunchScreen.storyboard */; };
/* End PBXBuildFile section */

/* Begin PBXFileReference section */
		EF52C1F425365C7000C89CED /* Drawing.app */ = {isa = PBXFileReference; explicitFileType = wrapper.application; includeInIndex = 0; path = Drawing.app; sourceTree = BUILT_PRODUCTS_DIR; };
		EF52C1F725365C7000C89CED /* AppDelegate.swift */ = {isa = PBXFileReference; lastKnownFileType = sourcecode.swift; path = AppDelegate.swift; sourceTree = "<group>"; };
		EF52C1F925365C7000C89CED /* SceneDelegate.swift */ = {isa = PBXFileReference; lastKnownFileType = sourcecode.swift; path = SceneDelegate.swift; sourceTree = "<group>"; };
		EF52C1FB25365C7000C89CED /* ContentView.swift */ = {isa = PBXFileReference; lastKnownFileType = sourcecode.swift; path = ContentView.swift; sourceTree = "<group>"; };
		EF52C1FD25365C7700C89CED /* Assets.xcassets */ = {isa = PBXFileReference; lastKnownFileType = folder.assetcatalog; path = Assets.xcassets; sourceTree = "<group>"; };
		EF52C20025365C7700C89CED /* Preview Assets.xcassets */ = {isa = PBXFileReference; lastKnownFileType = folder.assetcatalog; path = "Preview Assets.xcassets"; sourceTree = "<group>"; };
		EF52C20325365C7700C89CED /* Base */ = {isa = PBXFileReference; lastKnownFileType = file.storyboard; name = Base; path = Base.lproj/LaunchScreen.storyboard; sourceTree = "<group>"; };
		EF52C20525365C7700C89CED /* Info.plist */ = {isa = PBXFileReference; lastKnownFileType = text.plist.xml; path = Info.plist; sourceTree = "<group>"; };
/* End PBXFileReference section */

/* Begin PBXFrameworksBuildPhase section */
		EF52C1F125365C7000C89CED /* Frameworks */ = {
			isa = PBXFrameworksBuildPhase;
			buildActionMask = 2147483647;
			files = (
			);
			runOnlyForDeploymentPostprocessing = 0;
		};
/* End PBXFrameworksBuildPhase section */

/* Begin PBXGroup section */
		EF52C1EB25365C7000C89CED = {
			isa = PBXGroup;
			children = (
				EF52C1F625365C7000C89CED /* Drawing */,
				EF52C1F525365C7000C89CED /* Products */,
			);
			sourceTree = "<group>";
		};
		EF52C1F525365C7000C89CED /* Products */ = {
			isa = PBXGroup;
			children = (
				EF52C1F425365C7000C89CED /* Drawing.app */,
			);
			name = Products;
			sourceTree = "<group>";
		};
		EF52C1F625365C7000C89CED /* Drawing */ = {
			isa = PBXGroup;
			children = (
				EF52C1F725365C7000C89CED /* AppDelegate.swift */,
				EF52C1F925365C7000C89CED /* SceneDelegate.swift */,
				EF52C1FB25365C7000C89CED /* ContentView.swift */,
				EF52C1FD25365C7700C89CED /* Assets.xcassets */,
				EF52C20225365C7700C89CED /* LaunchScreen.storyboard */,
				EF52C20525365C7700C89CED /* Info.plist */,
				EF52C1FF25365C7700C89CED /* Preview Content */,
			);
			path = Drawing;
			sourceTree = "<group>";
		};
		EF52C1FF25365C7700C89CED /* Preview Content */ = {
			isa = PBXGroup;
			children = (
				EF52C20025365C7700C89CED /* Preview Assets.xcassets */,
			);
			path = "Preview Content";
			sourceTree = "<group>";
		};
/* End PBXGroup section */

/* Begin PBXNativeTarget section */
		EF52C1F325365C7000C89CED /* Drawing */ = {
			isa = PBXNativeTarget;
			buildConfigurationList = EF52C20825365C7700C89CED /* Build configuration list for PBXNativeTarget "Drawing" */;
			buildPhases = (
				EF52C1F025365C7000C89CED /* Sources */,
				EF52C1F125365C7000C89CED /* Frameworks */,
				EF52C1F225365C7000C89CED /* Resources */,
			);
			buildRules = (
			);
			dependencies = (
			);
			name = Drawing;
			productName = Drawing;
			productReference = EF52C1F425365C7000C89CED /* Drawing.app */;
			productType = "com.apple.product-type.application";
		};
/* End PBXNativeTarget section */

/* Begin PBXProject section */
		EF52C1EC25365C7000C89CED /* Project object */ = {
			isa = PBXProject;
			attributes = {
				LastSwiftUpdateCheck = 1160;
				LastUpgradeCheck = 1160;
				ORGANIZATIONNAME = "Zaid Raza";
				TargetAttributes = {
					EF52C1F325365C7000C89CED = {
						CreatedOnToolsVersion = 11.6;
					};
				};
			};
			buildConfigurationList = EF52C1EF25365C7000C89CED /* Build configuration list for PBXProject "Drawing" */;
			compatibilityVersion = "Xcode 9.3";
			developmentRegion = en;
			hasScannedForEncodings = 0;
			knownRegions = (
				en,
				Base,
			);
			mainGroup = EF52C1EB25365C7000C89CED;
			productRefGroup = EF52C1F525365C7000C89CED /* Products */;
			projectDirPath = "";
			projectRoot = "";
			targets = (
				EF52C1F325365C7000C89CED /* Drawing */,
			);
		};
/* End PBXProject section */

/* Begin PBXResourcesBuildPhase section */
		EF52C1F225365C7000C89CED /* Resources */ = {
			isa = PBXResourcesBuildPhase;
			buildActionMask = 2147483647;
			files = (
				EF52C20425365C7700C89CED /* LaunchScreen.storyboard in Resources */,
				EF52C20125365C7700C89CED /* Preview Assets.xcassets in Resources */,
				EF52C1FE25365C7700C89CED /* Assets.xcassets in Resources */,
			);
			runOnlyForDeploymentPostprocessing = 0;
		};
/* End PBXResourcesBuildPhase section */

/* Begin PBXSourcesBuildPhase section */
		EF52C1F025365C7000C89CED /* Sources */ = {
			isa = PBXSourcesBuildPhase;
			buildActionMask = 2147483647;
			files = (
				EF52C1F825365C7000C89CED /* AppDelegate.swift in Sources */,
				EF52C1FA25365C7000C89CED /* SceneDelegate.swift in Sources */,
				EF52C1FC25365C7000C89CED /* ContentView.swift in Sources */,
			);
			runOnlyForDeploymentPostprocessing = 0;
		};
/* End PBXSourcesBuildPhase section */

/* Begin PBXVariantGroup section */
		EF52C20225365C7700C89CED /* LaunchScreen.storyboard */ = {
			isa = PBXVariantGroup;
			children = (
				EF52C20325365C7700C89CED /* Base */,
			);
			name = LaunchScreen.storyboard;
			sourceTree = "<group>";
		};
/* End PBXVariantGroup section */

/* Begin XCBuildConfiguration section */
		EF52C20625365C7700C89CED /* Debug */ = {
			isa = XCBuildConfiguration;
			buildSettings = {
				ALWAYS_SEARCH_USER_PATHS = NO;
				CLANG_ANALYZER_NONNULL = YES;
				CLANG_ANALYZER_NUMBER_OBJECT_CONVERSION = YES_AGGRESSIVE;
				CLANG_CXX_LANGUAGE_STANDARD = "gnu++14";
				CLANG_CXX_LIBRARY = "libc++";
				CLANG_ENABLE_MODULES = YES;
				CLANG_ENABLE_OBJC_ARC = YES;
				CLANG_ENABLE_OBJC_WEAK = YES;
				CLANG_WARN_BLOCK_CAPTURE_AUTORELEASING = YES;
				CLANG_WARN_BOOL_CONVERSION = YES;
				CLANG_WARN_COMMA = YES;
				CLANG_WARN_CONSTANT_CONVERSION = YES;
				CLANG_WARN_DEPRECATED_OBJC_IMPLEMENTATIONS = YES;
				CLANG_WARN_DIRECT_OBJC_ISA_USAGE = YES_ERROR;
				CLANG_WARN_DOCUMENTATION_COMMENTS = YES;
				CLANG_WARN_EMPTY_BODY = YES;
				CLANG_WARN_ENUM_CONVERSION = YES;
				CLANG_WARN_INFINITE_RECURSION = YES;
				CLANG_WARN_INT_CONVERSION = YES;
				CLANG_WARN_NON_LITERAL_NULL_CONVERSION = YES;
				CLANG_WARN_OBJC_IMPLICIT_RETAIN_SELF = YES;
				CLANG_WARN_OBJC_LITERAL_CONVERSION = YES;
				CLANG_WARN_OBJC_ROOT_CLASS = YES_ERROR;
				CLANG_WARN_RANGE_LOOP_ANALYSIS = YES;
				CLANG_WARN_STRICT_PROTOTYPES = YES;
				CLANG_WARN_SUSPICIOUS_MOVE = YES;
				CLANG_WARN_UNGUARDED_AVAILABILITY = YES_AGGRESSIVE;
				CLANG_WARN_UNREACHABLE_CODE = YES;
				CLANG_WARN__DUPLICATE_METHOD_MATCH = YES;
				COPY_PHASE_STRIP = NO;
				DEBUG_INFORMATION_FORMAT = dwarf;
				ENABLE_STRICT_OBJC_MSGSEND = YES;
				ENABLE_TESTABILITY = YES;
				GCC_C_LANGUAGE_STANDARD = gnu11;
				GCC_DYNAMIC_NO_PIC = NO;
				GCC_NO_COMMON_BLOCKS = YES;
				GCC_OPTIMIZATION_LEVEL = 0;
				GCC_PREPROCESSOR_DEFINITIONS = (
					"DEBUG=1",
					"$(inherited)",
				);
				GCC_WARN_64_TO_32_BIT_CONVERSION = YES;
				GCC_WARN_ABOUT_RETURN_TYPE = YES_ERROR;
				GCC_WARN_UNDECLARED_SELECTOR = YES;
				GCC_WARN_UNINITIALIZED_AUTOS = YES_AGGRESSIVE;
				GCC_WARN_UNUSED_FUNCTION = YES;
				GCC_WARN_UNUSED_VARIABLE = YES;
				IPHONEOS_DEPLOYMENT_TARGET = 13.0;
				MTL_ENABLE_DEBUG_INFO = INCLUDE_SOURCE;
				MTL_FAST_MATH = YES;
				ONLY_ACTIVE_ARCH = YES;
				SDKROOT = iphoneos;
				SWIFT_ACTIVE_COMPILATION_CONDITIONS = DEBUG;
				SWIFT_OPTIMIZATION_LEVEL = "-Onone";
			};
			name = Debug;
		};
		EF52C20725365C7700C89CED /* Release */ = {
			isa = XCBuildConfiguration;
			buildSettings = {
				ALWAYS_SEARCH_USER_PATHS = NO;
				CLANG_ANALYZER_NONNULL = YES;
				CLANG_ANALYZER_NUMBER_OBJECT_CONVERSION = YES_AGGRESSIVE;
				CLANG_CXX_LANGUAGE_STANDARD = "gnu++14";
				CLANG_CXX_LIBRARY = "libc++";
				CLANG_ENABLE_MODULES = YES;
				CLANG_ENABLE_OBJC_ARC = YES;
				CLANG_ENABLE_OBJC_WEAK = YES;
				CLANG_WARN_BLOCK_CAPTURE_AUTORELEASING = YES;
				CLANG_WARN_BOOL_CONVERSION = YES;
				CLANG_WARN_COMMA = YES;
				CLANG_WARN_CONSTANT_CONVERSION = YES;
				CLANG_WARN_DEPRECATED_OBJC_IMPLEMENTATIONS = YES;
				CLANG_WARN_DIRECT_OBJC_ISA_USAGE = YES_ERROR;
				CLANG_WARN_DOCUMENTATION_COMMENTS = YES;
				CLANG_WARN_EMPTY_BODY = YES;
				CLANG_WARN_ENUM_CONVERSION = YES;
				CLANG_WARN_INFINITE_RECURSION = YES;
				CLANG_WARN_INT_CONVERSION = YES;
				CLANG_WARN_NON_LITERAL_NULL_CONVERSION = YES;
				CLANG_WARN_OBJC_IMPLICIT_RETAIN_SELF = YES;
				CLANG_WARN_OBJC_LITERAL_CONVERSION = YES;
				CLANG_WARN_OBJC_ROOT_CLASS = YES_ERROR;
				CLANG_WARN_RANGE_LOOP_ANALYSIS = YES;
				CLANG_WARN_STRICT_PROTOTYPES = YES;
				CLANG_WARN_SUSPICIOUS_MOVE = YES;
				CLANG_WARN_UNGUARDED_AVAILABILITY = YES_AGGRESSIVE;
				CLANG_WARN_UNREACHABLE_CODE = YES;
				CLANG_WARN__DUPLICATE_METHOD_MATCH = YES;
				COPY_PHASE_STRIP = NO;
				DEBUG_INFORMATION_FORMAT = "dwarf-with-dsym";
				ENABLE_NS_ASSERTIONS = NO;
				ENABLE_STRICT_OBJC_MSGSEND = YES;
				GCC_C_LANGUAGE_STANDARD = gnu11;
				GCC_NO_COMMON_BLOCKS = YES;
				GCC_WARN_64_TO_32_BIT_CONVERSION = YES;
				GCC_WARN_ABOUT_RETURN_TYPE = YES_ERROR;
				GCC_WARN_UNDECLARED_SELECTOR = YES;
				GCC_WARN_UNINITIALIZED_AUTOS = YES_AGGRESSIVE;
				GCC_WARN_UNUSED_FUNCTION = YES;
				GCC_WARN_UNUSED_VARIABLE = YES;
				IPHONEOS_DEPLOYMENT_TARGET = 13.0;
				MTL_ENABLE_DEBUG_INFO = NO;
				MTL_FAST_MATH = YES;
				SDKROOT = iphoneos;
				SWIFT_COMPILATION_MODE = wholemodule;
				SWIFT_OPTIMIZATION_LEVEL = "-O";
				VALIDATE_PRODUCT = YES;
			};
			name = Release;
		};
		EF52C20925365C7700C89CED /* Debug */ = {
			isa = XCBuildConfiguration;
			buildSettings = {
				ASSETCATALOG_COMPILER_APPICON_NAME = AppIcon;
				CODE_SIGN_STYLE = Automatic;
				DEVELOPMENT_ASSET_PATHS = "\"Drawing/Preview Content\"";
				DEVELOPMENT_TEAM = D44QF9Q68Q;
				ENABLE_PREVIEWS = YES;
				INFOPLIST_FILE = Drawing/Info.plist;
				LD_RUNPATH_SEARCH_PATHS = (
					"$(inherited)",
					"@executable_path/Frameworks",
				);
				PRODUCT_BUNDLE_IDENTIFIER = com.zaid.Drawing;
				PRODUCT_NAME = "$(TARGET_NAME)";
				SWIFT_VERSION = 5.0;
				TARGETED_DEVICE_FAMILY = "1,2";
			};
			name = Debug;
		};
		EF52C20A25365C7700C89CED /* Release */ = {
			isa = XCBuildConfiguration;
			buildSettings = {
				ASSETCATALOG_COMPILER_APPICON_NAME = AppIcon;
				CODE_SIGN_STYLE = Automatic;
				DEVELOPMENT_ASSET_PATHS = "\"Drawing/Preview Content\"";
				DEVELOPMENT_TEAM = D44QF9Q68Q;
				ENABLE_PREVIEWS = YES;
				INFOPLIST_FILE = Drawing/Info.plist;
				LD_RUNPATH_SEARCH_PATHS = (
					"$(inherited)",
					"@executable_path/Frameworks",
				);
				PRODUCT_BUNDLE_IDENTIFIER = com.zaid.Drawing;
				PRODUCT_NAME = "$(TARGET_NAME)";
				SWIFT_VERSION = 5.0;
				TARGETED_DEVICE_FAMILY = "1,2";
			};
			name = Release;
		};
/* End XCBuildConfiguration section */

/* Begin XCConfigurationList section */
		EF52C1EF25365C7000C89CED /* Build configuration list for PBXProject "Drawing" */ = {
			isa = XCConfigurationList;
			buildConfigurations = (
				EF52C20625365C7700C89CED /* Debug */,
				EF52C20725365C7700C89CED /* Release */,
			);
			defaultConfigurationIsVisible = 0;
			defaultConfigurationName = Release;
		};
		EF52C20825365C7700C89CED /* Build configuration list for PBXNativeTarget "Drawing" */ = {
			isa = XCConfigurationList;
			buildConfigurations = (
				EF52C20925365C7700C89CED /* Debug */,
				EF52C20A25365C7700C89CED /* Release */,
			);
			defaultConfigurationIsVisible = 0;
			defaultConfigurationName = Release;
		};
/* End XCConfigurationList section */
	};
	rootObject = EF52C1EC25365C7000C89CED /* Project object */;
}
